// !$*UTF8*$!
{
	archiveVersion = 1;
	classes = {
	};
	objectVersion = 46;
	objects = {

/* Begin PBXBuildFile section */
		0A4DF2921705D08600BEF2E7 /* UIKit.framework in Frameworks */ = {isa = PBXBuildFile; fileRef = 0A4DF2911705D08600BEF2E7 /* UIKit.framework */; };
		0A4DF2941705D08600BEF2E7 /* Foundation.framework in Frameworks */ = {isa = PBXBuildFile; fileRef = 0A4DF2931705D08600BEF2E7 /* Foundation.framework */; };
		0A4DF2961705D08600BEF2E7 /* CoreGraphics.framework in Frameworks */ = {isa = PBXBuildFile; fileRef = 0A4DF2951705D08600BEF2E7 /* CoreGraphics.framework */; };
		0A4DF29C1705D08600BEF2E7 /* InfoPlist.strings in Resources */ = {isa = PBXBuildFile; fileRef = 0A4DF29A1705D08600BEF2E7 /* InfoPlist.strings */; };
		0A4DF29E1705D08600BEF2E7 /* main.m in Sources */ = {isa = PBXBuildFile; fileRef = 0A4DF29D1705D08600BEF2E7 /* main.m */; };
		0A4DF2A21705D08600BEF2E7 /* AppDelegate.m in Sources */ = {isa = PBXBuildFile; fileRef = 0A4DF2A11705D08600BEF2E7 /* AppDelegate.m */; };
		0A4DF2A41705D08600BEF2E7 /* Default.png in Resources */ = {isa = PBXBuildFile; fileRef = 0A4DF2A31705D08600BEF2E7 /* Default.png */; };
		0A4DF2A61705D08600BEF2E7 /* Default@2x.png in Resources */ = {isa = PBXBuildFile; fileRef = 0A4DF2A51705D08600BEF2E7 /* Default@2x.png */; };
		0A4DF2A81705D08600BEF2E7 /* Default-568h@2x.png in Resources */ = {isa = PBXBuildFile; fileRef = 0A4DF2A71705D08600BEF2E7 /* Default-568h@2x.png */; };
		0A4DF2AB1705D08600BEF2E7 /* ViewController.m in Sources */ = {isa = PBXBuildFile; fileRef = 0A4DF2AA1705D08600BEF2E7 /* ViewController.m */; };
		0A4DF2AE1705D08600BEF2E7 /* ViewController_iPhone.xib in Resources */ = {isa = PBXBuildFile; fileRef = 0A4DF2AC1705D08600BEF2E7 /* ViewController_iPhone.xib */; };
		0A4DF2B11705D08600BEF2E7 /* ViewController_iPad.xib in Resources */ = {isa = PBXBuildFile; fileRef = 0A4DF2AF1705D08600BEF2E7 /* ViewController_iPad.xib */; };
		0A4DF2B91705D19E00BEF2E7 /* WfFormController.m in Sources */ = {isa = PBXBuildFile; fileRef = 0A4DF2B81705D19E00BEF2E7 /* WfFormController.m */; };
		0A4DF2C11705D52600BEF2E7 /* MyTool.m in Sources */ = {isa = PBXBuildFile; fileRef = 0A4DF2BE1705D52600BEF2E7 /* MyTool.m */; };
		0A4DF2C21705D52600BEF2E7 /* UIGlossyButton.m in Sources */ = {isa = PBXBuildFile; fileRef = 0A4DF2C01705D52600BEF2E7 /* UIGlossyButton.m */; };
/* End PBXBuildFile section */

/* Begin PBXFileReference section */
		0A4DF28D1705D08600BEF2E7 /* WfForm.app */ = {isa = PBXFileReference; explicitFileType = wrapper.application; includeInIndex = 0; path = WfForm.app; sourceTree = BUILT_PRODUCTS_DIR; };
		0A4DF2911705D08600BEF2E7 /* UIKit.framework */ = {isa = PBXFileReference; lastKnownFileType = wrapper.framework; name = UIKit.framework; path = System/Library/Frameworks/UIKit.framework; sourceTree = SDKROOT; };
		0A4DF2931705D08600BEF2E7 /* Foundation.framework */ = {isa = PBXFileReference; lastKnownFileType = wrapper.framework; name = Foundation.framework; path = System/Library/Frameworks/Foundation.framework; sourceTree = SDKROOT; };
		0A4DF2951705D08600BEF2E7 /* CoreGraphics.framework */ = {isa = PBXFileReference; lastKnownFileType = wrapper.framework; name = CoreGraphics.framework; path = System/Library/Frameworks/CoreGraphics.framework; sourceTree = SDKROOT; };
		0A4DF2991705D08600BEF2E7 /* WfForm-Info.plist */ = {isa = PBXFileReference; lastKnownFileType = text.plist.xml; path = "WfForm-Info.plist"; sourceTree = "<group>"; };
		0A4DF29B1705D08600BEF2E7 /* en */ = {isa = PBXFileReference; lastKnownFileType = text.plist.strings; name = en; path = en.lproj/InfoPlist.strings; sourceTree = "<group>"; };
		0A4DF29D1705D08600BEF2E7 /* main.m */ = {isa = PBXFileReference; lastKnownFileType = sourcecode.c.objc; path = main.m; sourceTree = "<group>"; };
		0A4DF29F1705D08600BEF2E7 /* WfForm-Prefix.pch */ = {isa = PBXFileReference; lastKnownFileType = sourcecode.c.h; path = "WfForm-Prefix.pch"; sourceTree = "<group>"; };
		0A4DF2A01705D08600BEF2E7 /* AppDelegate.h */ = {isa = PBXFileReference; lastKnownFileType = sourcecode.c.h; path = AppDelegate.h; sourceTree = "<group>"; };
		0A4DF2A11705D08600BEF2E7 /* AppDelegate.m */ = {isa = PBXFileReference; lastKnownFileType = sourcecode.c.objc; path = AppDelegate.m; sourceTree = "<group>"; };
		0A4DF2A31705D08600BEF2E7 /* Default.png */ = {isa = PBXFileReference; lastKnownFileType = image.png; path = Default.png; sourceTree = "<group>"; };
		0A4DF2A51705D08600BEF2E7 /* Default@2x.png */ = {isa = PBXFileReference; lastKnownFileType = image.png; path = "Default@2x.png"; sourceTree = "<group>"; };
		0A4DF2A71705D08600BEF2E7 /* Default-568h@2x.png */ = {isa = PBXFileReference; lastKnownFileType = image.png; path = "Default-568h@2x.png"; sourceTree = "<group>"; };
		0A4DF2A91705D08600BEF2E7 /* ViewController.h */ = {isa = PBXFileReference; lastKnownFileType = sourcecode.c.h; path = ViewController.h; sourceTree = "<group>"; };
		0A4DF2AA1705D08600BEF2E7 /* ViewController.m */ = {isa = PBXFileReference; lastKnownFileType = sourcecode.c.objc; path = ViewController.m; sourceTree = "<group>"; };
		0A4DF2AD1705D08600BEF2E7 /* en */ = {isa = PBXFileReference; lastKnownFileType = file.xib; name = en; path = en.lproj/ViewController_iPhone.xib; sourceTree = "<group>"; };
		0A4DF2B01705D08600BEF2E7 /* en */ = {isa = PBXFileReference; lastKnownFileType = file.xib; name = en; path = en.lproj/ViewController_iPad.xib; sourceTree = "<group>"; };
		0A4DF2B71705D19E00BEF2E7 /* WfFormController.h */ = {isa = PBXFileReference; fileEncoding = 4; lastKnownFileType = sourcecode.c.h; path = WfFormController.h; sourceTree = "<group>"; };
		0A4DF2B81705D19E00BEF2E7 /* WfFormController.m */ = {isa = PBXFileReference; fileEncoding = 4; lastKnownFileType = sourcecode.c.objc; path = WfFormController.m; sourceTree = "<group>"; };
		0A4DF2BD1705D52600BEF2E7 /* MyTool.h */ = {isa = PBXFileReference; fileEncoding = 4; lastKnownFileType = sourcecode.c.h; name = MyTool.h; path = ../../WfLibrary/MyTool.h; sourceTree = "<group>"; };
		0A4DF2BE1705D52600BEF2E7 /* MyTool.m */ = {isa = PBXFileReference; fileEncoding = 4; lastKnownFileType = sourcecode.c.objc; name = MyTool.m; path = ../../WfLibrary/MyTool.m; sourceTree = "<group>"; };
		0A4DF2BF1705D52600BEF2E7 /* UIGlossyButton.h */ = {isa = PBXFileReference; fileEncoding = 4; lastKnownFileType = sourcecode.c.h; name = UIGlossyButton.h; path = ../../WfLibrary/UIGlossyButton.h; sourceTree = "<group>"; };
		0A4DF2C01705D52600BEF2E7 /* UIGlossyButton.m */ = {isa = PBXFileReference; fileEncoding = 4; lastKnownFileType = sourcecode.c.objc; name = UIGlossyButton.m; path = ../../WfLibrary/UIGlossyButton.m; sourceTree = "<group>"; };
/* End PBXFileReference section */

/* Begin PBXFrameworksBuildPhase section */
		0A4DF28A1705D08600BEF2E7 /* Frameworks */ = {
			isa = PBXFrameworksBuildPhase;
			buildActionMask = 2147483647;
			files = (
				0A4DF2921705D08600BEF2E7 /* UIKit.framework in Frameworks */,
				0A4DF2941705D08600BEF2E7 /* Foundation.framework in Frameworks */,
				0A4DF2961705D08600BEF2E7 /* CoreGraphics.framework in Frameworks */,
			);
			runOnlyForDeploymentPostprocessing = 0;
		};
/* End PBXFrameworksBuildPhase section */

/* Begin PBXGroup section */
		0A4DF2821705D08600BEF2E7 = {
			isa = PBXGroup;
			children = (
				0A4DF2971705D08600BEF2E7 /* WfForm */,
				0A4DF2901705D08600BEF2E7 /* Frameworks */,
				0A4DF28E1705D08600BEF2E7 /* Products */,
			);
			sourceTree = "<group>";
		};
		0A4DF28E1705D08600BEF2E7 /* Products */ = {
			isa = PBXGroup;
			children = (
				0A4DF28D1705D08600BEF2E7 /* WfForm.app */,
			);
			name = Products;
			sourceTree = "<group>";
		};
		0A4DF2901705D08600BEF2E7 /* Frameworks */ = {
			isa = PBXGroup;
			children = (
				0A4DF2911705D08600BEF2E7 /* UIKit.framework */,
				0A4DF2931705D08600BEF2E7 /* Foundation.framework */,
				0A4DF2951705D08600BEF2E7 /* CoreGraphics.framework */,
			);
			name = Frameworks;
			sourceTree = "<group>";
		};
		0A4DF2971705D08600BEF2E7 /* WfForm */ = {
			isa = PBXGroup;
			children = (
				0A4DF2BD1705D52600BEF2E7 /* MyTool.h */,
				0A4DF2BE1705D52600BEF2E7 /* MyTool.m */,
				0A4DF2BF1705D52600BEF2E7 /* UIGlossyButton.h */,
				0A4DF2C01705D52600BEF2E7 /* UIGlossyButton.m */,
				0A4DF2B71705D19E00BEF2E7 /* WfFormController.h */,
				0A4DF2B81705D19E00BEF2E7 /* WfFormController.m */,
				0A4DF2A01705D08600BEF2E7 /* AppDelegate.h */,
				0A4DF2A11705D08600BEF2E7 /* AppDelegate.m */,
				0A4DF2A91705D08600BEF2E7 /* ViewController.h */,
				0A4DF2AA1705D08600BEF2E7 /* ViewController.m */,
				0A4DF2AC1705D08600BEF2E7 /* ViewController_iPhone.xib */,
				0A4DF2AF1705D08600BEF2E7 /* ViewController_iPad.xib */,
				0A4DF2981705D08600BEF2E7 /* Supporting Files */,
			);
			path = WfForm;
			sourceTree = "<group>";
		};
		0A4DF2981705D08600BEF2E7 /* Supporting Files */ = {
			isa = PBXGroup;
			children = (
				0A4DF2991705D08600BEF2E7 /* WfForm-Info.plist */,
				0A4DF29A1705D08600BEF2E7 /* InfoPlist.strings */,
				0A4DF29D1705D08600BEF2E7 /* main.m */,
				0A4DF29F1705D08600BEF2E7 /* WfForm-Prefix.pch */,
				0A4DF2A31705D08600BEF2E7 /* Default.png */,
				0A4DF2A51705D08600BEF2E7 /* Default@2x.png */,
				0A4DF2A71705D08600BEF2E7 /* Default-568h@2x.png */,
			);
			name = "Supporting Files";
			sourceTree = "<group>";
		};
/* End PBXGroup section */

/* Begin PBXNativeTarget section */
		0A4DF28C1705D08600BEF2E7 /* WfForm */ = {
			isa = PBXNativeTarget;
			buildConfigurationList = 0A4DF2B41705D08600BEF2E7 /* Build configuration list for PBXNativeTarget "WfForm" */;
			buildPhases = (
				0A4DF2891705D08600BEF2E7 /* Sources */,
				0A4DF28A1705D08600BEF2E7 /* Frameworks */,
				0A4DF28B1705D08600BEF2E7 /* Resources */,
			);
			buildRules = (
			);
			dependencies = (
			);
			name = WfForm;
			productName = WfForm;
			productReference = 0A4DF28D1705D08600BEF2E7 /* WfForm.app */;
			productType = "com.apple.product-type.application";
		};
/* End PBXNativeTarget section */

/* Begin PBXProject section */
		0A4DF2841705D08600BEF2E7 /* Project object */ = {
			isa = PBXProject;
			attributes = {
				LastUpgradeCheck = 0450;
				ORGANIZATIONNAME = jfwf;
			};
			buildConfigurationList = 0A4DF2871705D08600BEF2E7 /* Build configuration list for PBXProject "WfForm" */;
			compatibilityVersion = "Xcode 3.2";
			developmentRegion = English;
			hasScannedForEncodings = 0;
			knownRegions = (
				en,
			);
			mainGroup = 0A4DF2821705D08600BEF2E7;
			productRefGroup = 0A4DF28E1705D08600BEF2E7 /* Products */;
			projectDirPath = "";
			projectRoot = "";
			targets = (
				0A4DF28C1705D08600BEF2E7 /* WfForm */,
			);
		};
/* End PBXProject section */

/* Begin PBXResourcesBuildPhase section */
		0A4DF28B1705D08600BEF2E7 /* Resources */ = {
			isa = PBXResourcesBuildPhase;
			buildActionMask = 2147483647;
			files = (
				0A4DF29C1705D08600BEF2E7 /* InfoPlist.strings in Resources */,
				0A4DF2A41705D08600BEF2E7 /* Default.png in Resources */,
				0A4DF2A61705D08600BEF2E7 /* Default@2x.png in Resources */,
				0A4DF2A81705D08600BEF2E7 /* Default-568h@2x.png in Resources */,
				0A4DF2AE1705D08600BEF2E7 /* ViewController_iPhone.xib in Resources */,
				0A4DF2B11705D08600BEF2E7 /* ViewController_iPad.xib in Resources */,
			);
			runOnlyForDeploymentPostprocessing = 0;
		};
/* End PBXResourcesBuildPhase section */

/* Begin PBXSourcesBuildPhase section */
		0A4DF2891705D08600BEF2E7 /* Sources */ = {
			isa = PBXSourcesBuildPhase;
			buildActionMask = 2147483647;
			files = (
				0A4DF29E1705D08600BEF2E7 /* main.m in Sources */,
				0A4DF2A21705D08600BEF2E7 /* AppDelegate.m in Sources */,
				0A4DF2AB1705D08600BEF2E7 /* ViewController.m in Sources */,
				0A4DF2B91705D19E00BEF2E7 /* WfFormController.m in Sources */,
				0A4DF2C11705D52600BEF2E7 /* MyTool.m in Sources */,
				0A4DF2C21705D52600BEF2E7 /* UIGlossyButton.m in Sources */,
			);
			runOnlyForDeploymentPostprocessing = 0;
		};
/* End PBXSourcesBuildPhase section */

/* Begin PBXVariantGroup section */
		0A4DF29A1705D08600BEF2E7 /* InfoPlist.strings */ = {
			isa = PBXVariantGroup;
			children = (
				0A4DF29B1705D08600BEF2E7 /* en */,
			);
			name = InfoPlist.strings;
			sourceTree = "<group>";
		};
		0A4DF2AC1705D08600BEF2E7 /* ViewController_iPhone.xib */ = {
			isa = PBXVariantGroup;
			children = (
				0A4DF2AD1705D08600BEF2E7 /* en */,
			);
			name = ViewController_iPhone.xib;
			sourceTree = "<group>";
		};
		0A4DF2AF1705D08600BEF2E7 /* ViewController_iPad.xib */ = {
			isa = PBXVariantGroup;
			children = (
				0A4DF2B01705D08600BEF2E7 /* en */,
			);
			name = ViewController_iPad.xib;
			sourceTree = "<group>";
		};
/* End PBXVariantGroup section */

/* Begin XCBuildConfiguration section */
		0A4DF2B21705D08600BEF2E7 /* Debug */ = {
			isa = XCBuildConfiguration;
			buildSettings = {
				ALWAYS_SEARCH_USER_PATHS = NO;
				CLANG_CXX_LANGUAGE_STANDARD = "gnu++0x";
				CLANG_CXX_LIBRARY = "libc++";
				CLANG_WARN_EMPTY_BODY = YES;
				CLANG_WARN__DUPLICATE_METHOD_MATCH = YES;
				"CODE_SIGN_IDENTITY[sdk=iphoneos*]" = "iPhone Developer";
				COPY_PHASE_STRIP = NO;
				GCC_C_LANGUAGE_STANDARD = gnu99;
				GCC_DYNAMIC_NO_PIC = NO;
				GCC_OPTIMIZATION_LEVEL = 0;
				GCC_PREPROCESSOR_DEFINITIONS = (
					"DEBUG=1",
					"$(inherited)",
				);
				GCC_SYMBOLS_PRIVATE_EXTERN = NO;
				GCC_WARN_ABOUT_RETURN_TYPE = YES;
				GCC_WARN_UNINITIALIZED_AUTOS = YES;
				GCC_WARN_UNUSED_VARIABLE = YES;
				IPHONEOS_DEPLOYMENT_TARGET = 6.0;
				SDKROOT = iphoneos;
				TARGETED_DEVICE_FAMILY = "1,2";
			};
			name = Debug;
		};
		0A4DF2B31705D08600BEF2E7 /* Release */ = {
			isa = XCBuildConfiguration;
			buildSettings = {
				ALWAYS_SEARCH_USER_PATHS = NO;
				CLANG_CXX_LANGUAGE_STANDARD = "gnu++0x";
				CLANG_CXX_LIBRARY = "libc++";
				CLANG_WARN_EMPTY_BODY = YES;
				CLANG_WARN__DUPLICATE_METHOD_MATCH = YES;
				"CODE_SIGN_IDENTITY[sdk=iphoneos*]" = "iPhone Developer";
				COPY_PHASE_STRIP = YES;
				GCC_C_LANGUAGE_STANDARD = gnu99;
				GCC_WARN_ABOUT_RETURN_TYPE = YES;
				GCC_WARN_UNINITIALIZED_AUTOS = YES;
				GCC_WARN_UNUSED_VARIABLE = YES;
				IPHONEOS_DEPLOYMENT_TARGET = 6.0;
				OTHER_CFLAGS = "-DNS_BLOCK_ASSERTIONS=1";
				SDKROOT = iphoneos;
				TARGETED_DEVICE_FAMILY = "1,2";
				VALIDATE_PRODUCT = YES;
			};
			name = Release;
		};
		0A4DF2B51705D08600BEF2E7 /* Debug */ = {
			isa = XCBuildConfiguration;
			buildSettings = {
				GCC_PRECOMPILE_PREFIX_HEADER = YES;
				GCC_PREFIX_HEADER = "WfForm/WfForm-Prefix.pch";
				INFOPLIST_FILE = "WfForm/WfForm-Info.plist";
				IPHONEOS_DEPLOYMENT_TARGET = 5.1;
				PRODUCT_NAME = "$(TARGET_NAME)";
				WRAPPER_EXTENSION = app;
			};
			name = Debug;
		};
		0A4DF2B61705D08600BEF2E7 /* Release */ = {
			isa = XCBuildConfiguration;
			buildSettings = {
				GCC_PRECOMPILE_PREFIX_HEADER = YES;
				GCC_PREFIX_HEADER = "WfForm/WfForm-Prefix.pch";
				INFOPLIST_FILE = "WfForm/WfForm-Info.plist";
				IPHONEOS_DEPLOYMENT_TARGET = 5.1;
				PRODUCT_NAME = "$(TARGET_NAME)";
				WRAPPER_EXTENSION = app;
			};
			name = Release;
		};
/* End XCBuildConfiguration section */

/* Begin XCConfigurationList section */
		0A4DF2871705D08600BEF2E7 /* Build configuration list for PBXProject "WfForm" */ = {
			isa = XCConfigurationList;
			buildConfigurations = (
				0A4DF2B21705D08600BEF2E7 /* Debug */,
				0A4DF2B31705D08600BEF2E7 /* Release */,
			);
			defaultConfigurationIsVisible = 0;
			defaultConfigurationName = Release;
		};
		0A4DF2B41705D08600BEF2E7 /* Build configuration list for PBXNativeTarget "WfForm" */ = {
			isa = XCConfigurationList;
			buildConfigurations = (
				0A4DF2B51705D08600BEF2E7 /* Debug */,
				0A4DF2B61705D08600BEF2E7 /* Release */,
			);
			defaultConfigurationIsVisible = 0;
		};
/* End XCConfigurationList section */
	};
	rootObject = 0A4DF2841705D08600BEF2E7 /* Project object */;
}
